
Microsoft Visual Studio Solution File, Format Version 12.00
# Visual Studio Version 16
VisualStudioVersion = 16.0.31702.278
MinimumVisualStudioVersion = 10.0.40219.1
Project("{FAE04EC0-301F-11D3-BF4B-00C04F79EFBC}") = "HomeWork25-56", "HomeWork25-56.csproj", "{3317E8F0-E107-49D9-87EC-21C342CF7496}"
EndProject
Global
	GlobalSection(SolutionConfigurationPlatforms) = preSolution
		Debug|Any CPU = Debug|Any CPU
		Release|Any CPU = Release|Any CPU
	EndGlobalSection
	GlobalSection(ProjectConfigurationPlatforms) = postSolution
		{3317E8F0-E107-49D9-87EC-21C342CF7496}.Debug|Any CPU.ActiveCfg = Debug|Any CPU
		{3317E8F0-E107-49D9-87EC-21C342CF7496}.Debug|Any CPU.Build.0 = Debug|Any CPU
		{3317E8F0-E107-49D9-87EC-21C342CF7496}.Release|Any CPU.ActiveCfg = Release|Any CPU
		{3317E8F0-E107-49D9-87EC-21C342CF7496}.Release|Any CPU.Build.0 = Release|Any CPU
	EndGlobalSection
	GlobalSection(SolutionProperties) = preSolution
		HideSolutionNode = FALSE
	EndGlobalSection
	GlobalSection(ExtensibilityGlobals) = postSolution
		SolutionGuid = {54812031-D315-46BB-B652-7EFA2C1844E9}
	EndGlobalSection
EndGlobal
