
Microsoft Visual Studio Solution File, Format Version 12.00
# Visual Studio Version 16
VisualStudioVersion = 16.0.31702.278
MinimumVisualStudioVersion = 10.0.40219.1
Project("{FAE04EC0-301F-11D3-BF4B-00C04F79EFBC}") = "HomeWork27-28", "HomeWork27-28.csproj", "{507C0BB6-13EE-4152-BC8B-27C4B96020FF}"
EndProject
Global
	GlobalSection(SolutionConfigurationPlatforms) = preSolution
		Debug|Any CPU = Debug|Any CPU
		Release|Any CPU = Release|Any CPU
	EndGlobalSection
	GlobalSection(ProjectConfigurationPlatforms) = postSolution
		{507C0BB6-13EE-4152-BC8B-27C4B96020FF}.Debug|Any CPU.ActiveCfg = Debug|Any CPU
		{507C0BB6-13EE-4152-BC8B-27C4B96020FF}.Debug|Any CPU.Build.0 = Debug|Any CPU
		{507C0BB6-13EE-4152-BC8B-27C4B96020FF}.Release|Any CPU.ActiveCfg = Release|Any CPU
		{507C0BB6-13EE-4152-BC8B-27C4B96020FF}.Release|Any CPU.Build.0 = Release|Any CPU
	EndGlobalSection
	GlobalSection(SolutionProperties) = preSolution
		HideSolutionNode = FALSE
	EndGlobalSection
	GlobalSection(ExtensibilityGlobals) = postSolution
		SolutionGuid = {284FFDE0-B9AB-4437-8DE1-8B16B862ED47}
	EndGlobalSection
EndGlobal
