
Microsoft Visual Studio Solution File, Format Version 12.00
# Visual Studio Version 16
VisualStudioVersion = 16.0.32630.194
MinimumVisualStudioVersion = 10.0.40219.1
Project("{FAE04EC0-301F-11D3-BF4B-00C04F79EFBC}") = "Task3", "Task3.csproj", "{AA48CA9D-5D7B-4066-A21F-CA98B56567A1}"
EndProject
Global
	GlobalSection(SolutionConfigurationPlatforms) = preSolution
		Debug|Any CPU = Debug|Any CPU
		Release|Any CPU = Release|Any CPU
	EndGlobalSection
	GlobalSection(ProjectConfigurationPlatforms) = postSolution
		{AA48CA9D-5D7B-4066-A21F-CA98B56567A1}.Debug|Any CPU.ActiveCfg = Debug|Any CPU
		{AA48CA9D-5D7B-4066-A21F-CA98B56567A1}.Debug|Any CPU.Build.0 = Debug|Any CPU
		{AA48CA9D-5D7B-4066-A21F-CA98B56567A1}.Release|Any CPU.ActiveCfg = Release|Any CPU
		{AA48CA9D-5D7B-4066-A21F-CA98B56567A1}.Release|Any CPU.Build.0 = Release|Any CPU
	EndGlobalSection
	GlobalSection(SolutionProperties) = preSolution
		HideSolutionNode = FALSE
	EndGlobalSection
	GlobalSection(ExtensibilityGlobals) = postSolution
		SolutionGuid = {649F2C31-D46F-4E56-82B3-F663B0D729AB}
	EndGlobalSection
EndGlobal
