
Microsoft Visual Studio Solution File, Format Version 12.00
# Visual Studio Version 16
VisualStudioVersion = 16.0.32630.194
MinimumVisualStudioVersion = 10.0.40219.1
Project("{FAE04EC0-301F-11D3-BF4B-00C04F79EFBC}") = "Task6", "Task6.csproj", "{66D89FAC-D253-476E-96A3-D1915C240194}"
EndProject
Global
	GlobalSection(SolutionConfigurationPlatforms) = preSolution
		Debug|Any CPU = Debug|Any CPU
		Release|Any CPU = Release|Any CPU
	EndGlobalSection
	GlobalSection(ProjectConfigurationPlatforms) = postSolution
		{66D89FAC-D253-476E-96A3-D1915C240194}.Debug|Any CPU.ActiveCfg = Debug|Any CPU
		{66D89FAC-D253-476E-96A3-D1915C240194}.Debug|Any CPU.Build.0 = Debug|Any CPU
		{66D89FAC-D253-476E-96A3-D1915C240194}.Release|Any CPU.ActiveCfg = Release|Any CPU
		{66D89FAC-D253-476E-96A3-D1915C240194}.Release|Any CPU.Build.0 = Release|Any CPU
	EndGlobalSection
	GlobalSection(SolutionProperties) = preSolution
		HideSolutionNode = FALSE
	EndGlobalSection
	GlobalSection(ExtensibilityGlobals) = postSolution
		SolutionGuid = {C73C1E0B-51EA-457F-8A9B-C4FFA7308588}
	EndGlobalSection
EndGlobal
