
Microsoft Visual Studio Solution File, Format Version 12.00
# Visual Studio Version 16
VisualStudioVersion = 16.0.32630.194
MinimumVisualStudioVersion = 10.0.40219.1
Project("{FAE04EC0-301F-11D3-BF4B-00C04F79EFBC}") = "HomeWork17-18", "HomeWork17-18.csproj", "{CA393A99-DA2D-4AE1-B09B-34EBE80B8052}"
EndProject
Global
	GlobalSection(SolutionConfigurationPlatforms) = preSolution
		Debug|Any CPU = Debug|Any CPU
		Release|Any CPU = Release|Any CPU
	EndGlobalSection
	GlobalSection(ProjectConfigurationPlatforms) = postSolution
		{CA393A99-DA2D-4AE1-B09B-34EBE80B8052}.Debug|Any CPU.ActiveCfg = Debug|Any CPU
		{CA393A99-DA2D-4AE1-B09B-34EBE80B8052}.Debug|Any CPU.Build.0 = Debug|Any CPU
		{CA393A99-DA2D-4AE1-B09B-34EBE80B8052}.Release|Any CPU.ActiveCfg = Release|Any CPU
		{CA393A99-DA2D-4AE1-B09B-34EBE80B8052}.Release|Any CPU.Build.0 = Release|Any CPU
	EndGlobalSection
	GlobalSection(SolutionProperties) = preSolution
		HideSolutionNode = FALSE
	EndGlobalSection
	GlobalSection(ExtensibilityGlobals) = postSolution
		SolutionGuid = {EADD5A9F-C1BE-4950-BFD8-1FA1787F8644}
	EndGlobalSection
EndGlobal
