
Microsoft Visual Studio Solution File, Format Version 12.00
# Visual Studio Version 16
VisualStudioVersion = 16.0.32901.82
MinimumVisualStudioVersion = 10.0.40219.1
Project("{FAE04EC0-301F-11D3-BF4B-00C04F79EFBC}") = "Task1_HomeWork1-2", "Task1_HomeWork1-2.csproj", "{AEB0B332-AC7A-44F2-9471-8CF619AFC11A}"
EndProject
Global
	GlobalSection(SolutionConfigurationPlatforms) = preSolution
		Debug|Any CPU = Debug|Any CPU
		Release|Any CPU = Release|Any CPU
	EndGlobalSection
	GlobalSection(ProjectConfigurationPlatforms) = postSolution
		{AEB0B332-AC7A-44F2-9471-8CF619AFC11A}.Debug|Any CPU.ActiveCfg = Debug|Any CPU
		{AEB0B332-AC7A-44F2-9471-8CF619AFC11A}.Debug|Any CPU.Build.0 = Debug|Any CPU
		{AEB0B332-AC7A-44F2-9471-8CF619AFC11A}.Release|Any CPU.ActiveCfg = Release|Any CPU
		{AEB0B332-AC7A-44F2-9471-8CF619AFC11A}.Release|Any CPU.Build.0 = Release|Any CPU
	EndGlobalSection
	GlobalSection(SolutionProperties) = preSolution
		HideSolutionNode = FALSE
	EndGlobalSection
	GlobalSection(ExtensibilityGlobals) = postSolution
		SolutionGuid = {C0A67C7B-9506-42E0-8614-3931FC60882E}
	EndGlobalSection
EndGlobal
