
Microsoft Visual Studio Solution File, Format Version 12.00
# Visual Studio Version 16
VisualStudioVersion = 16.0.32630.194
MinimumVisualStudioVersion = 10.0.40219.1
Project("{FAE04EC0-301F-11D3-BF4B-00C04F79EFBC}") = "HomeWork11_12", "HomeWork11_12.csproj", "{F9ACD92D-725E-4A45-AA4D-4545FBE22CDB}"
EndProject
Global
	GlobalSection(SolutionConfigurationPlatforms) = preSolution
		Debug|Any CPU = Debug|Any CPU
		Release|Any CPU = Release|Any CPU
	EndGlobalSection
	GlobalSection(ProjectConfigurationPlatforms) = postSolution
		{F9ACD92D-725E-4A45-AA4D-4545FBE22CDB}.Debug|Any CPU.ActiveCfg = Debug|Any CPU
		{F9ACD92D-725E-4A45-AA4D-4545FBE22CDB}.Debug|Any CPU.Build.0 = Debug|Any CPU
		{F9ACD92D-725E-4A45-AA4D-4545FBE22CDB}.Release|Any CPU.ActiveCfg = Release|Any CPU
		{F9ACD92D-725E-4A45-AA4D-4545FBE22CDB}.Release|Any CPU.Build.0 = Release|Any CPU
	EndGlobalSection
	GlobalSection(SolutionProperties) = preSolution
		HideSolutionNode = FALSE
	EndGlobalSection
	GlobalSection(ExtensibilityGlobals) = postSolution
		SolutionGuid = {7D8ED059-92BF-4347-B04D-B560899E2695}
	EndGlobalSection
EndGlobal
