
Microsoft Visual Studio Solution File, Format Version 12.00
# Visual Studio Version 16
VisualStudioVersion = 16.0.32901.82
MinimumVisualStudioVersion = 10.0.40219.1
Project("{FAE04EC0-301F-11D3-BF4B-00C04F79EFBC}") = "Task5", "Task5.csproj", "{8DDCC6B5-7FFA-44B1-B0B4-DD83DF82F9DD}"
EndProject
Global
	GlobalSection(SolutionConfigurationPlatforms) = preSolution
		Debug|Any CPU = Debug|Any CPU
		Release|Any CPU = Release|Any CPU
	EndGlobalSection
	GlobalSection(ProjectConfigurationPlatforms) = postSolution
		{8DDCC6B5-7FFA-44B1-B0B4-DD83DF82F9DD}.Debug|Any CPU.ActiveCfg = Debug|Any CPU
		{8DDCC6B5-7FFA-44B1-B0B4-DD83DF82F9DD}.Debug|Any CPU.Build.0 = Debug|Any CPU
		{8DDCC6B5-7FFA-44B1-B0B4-DD83DF82F9DD}.Release|Any CPU.ActiveCfg = Release|Any CPU
		{8DDCC6B5-7FFA-44B1-B0B4-DD83DF82F9DD}.Release|Any CPU.Build.0 = Release|Any CPU
	EndGlobalSection
	GlobalSection(SolutionProperties) = preSolution
		HideSolutionNode = FALSE
	EndGlobalSection
	GlobalSection(ExtensibilityGlobals) = postSolution
		SolutionGuid = {2FC16B65-3E45-48E9-BC6E-F29C519ECCDC}
	EndGlobalSection
EndGlobal
