
Microsoft Visual Studio Solution File, Format Version 12.00
# Visual Studio Version 16
VisualStudioVersion = 16.0.32901.82
MinimumVisualStudioVersion = 10.0.40219.1
Project("{FAE04EC0-301F-11D3-BF4B-00C04F79EFBC}") = "Task2_HomeWork1-2", "Task2_HomeWork1-2.csproj", "{6569C632-404A-440E-963C-A830325CFE29}"
EndProject
Global
	GlobalSection(SolutionConfigurationPlatforms) = preSolution
		Debug|Any CPU = Debug|Any CPU
		Release|Any CPU = Release|Any CPU
	EndGlobalSection
	GlobalSection(ProjectConfigurationPlatforms) = postSolution
		{6569C632-404A-440E-963C-A830325CFE29}.Debug|Any CPU.ActiveCfg = Debug|Any CPU
		{6569C632-404A-440E-963C-A830325CFE29}.Debug|Any CPU.Build.0 = Debug|Any CPU
		{6569C632-404A-440E-963C-A830325CFE29}.Release|Any CPU.ActiveCfg = Release|Any CPU
		{6569C632-404A-440E-963C-A830325CFE29}.Release|Any CPU.Build.0 = Release|Any CPU
	EndGlobalSection
	GlobalSection(SolutionProperties) = preSolution
		HideSolutionNode = FALSE
	EndGlobalSection
	GlobalSection(ExtensibilityGlobals) = postSolution
		SolutionGuid = {60F8DE1C-23C1-4007-A77E-BCBC6E850E98}
	EndGlobalSection
EndGlobal
