
Microsoft Visual Studio Solution File, Format Version 12.00
# Visual Studio Version 16
VisualStudioVersion = 16.0.32901.82
MinimumVisualStudioVersion = 10.0.40219.1
Project("{FAE04EC0-301F-11D3-BF4B-00C04F79EFBC}") = "Task1", "Task1.csproj", "{DCCF04BC-C90F-4BAA-A03C-EE4CC8E5B854}"
EndProject
Global
	GlobalSection(SolutionConfigurationPlatforms) = preSolution
		Debug|Any CPU = Debug|Any CPU
		Release|Any CPU = Release|Any CPU
	EndGlobalSection
	GlobalSection(ProjectConfigurationPlatforms) = postSolution
		{DCCF04BC-C90F-4BAA-A03C-EE4CC8E5B854}.Debug|Any CPU.ActiveCfg = Debug|Any CPU
		{DCCF04BC-C90F-4BAA-A03C-EE4CC8E5B854}.Debug|Any CPU.Build.0 = Debug|Any CPU
		{DCCF04BC-C90F-4BAA-A03C-EE4CC8E5B854}.Release|Any CPU.ActiveCfg = Release|Any CPU
		{DCCF04BC-C90F-4BAA-A03C-EE4CC8E5B854}.Release|Any CPU.Build.0 = Release|Any CPU
	EndGlobalSection
	GlobalSection(SolutionProperties) = preSolution
		HideSolutionNode = FALSE
	EndGlobalSection
	GlobalSection(ExtensibilityGlobals) = postSolution
		SolutionGuid = {BFC43ECF-6506-4464-86D1-4AB92F2E29FE}
	EndGlobalSection
EndGlobal
