
Microsoft Visual Studio Solution File, Format Version 12.00
# Visual Studio Version 16
VisualStudioVersion = 16.0.32630.194
MinimumVisualStudioVersion = 10.0.40219.1
Project("{FAE04EC0-301F-11D3-BF4B-00C04F79EFBC}") = "HomeWork15-16", "HomeWork15-16.csproj", "{67F1AFA7-09E2-42D0-9367-DC5FDD9FE148}"
EndProject
Global
	GlobalSection(SolutionConfigurationPlatforms) = preSolution
		Debug|Any CPU = Debug|Any CPU
		Release|Any CPU = Release|Any CPU
	EndGlobalSection
	GlobalSection(ProjectConfigurationPlatforms) = postSolution
		{67F1AFA7-09E2-42D0-9367-DC5FDD9FE148}.Debug|Any CPU.ActiveCfg = Debug|Any CPU
		{67F1AFA7-09E2-42D0-9367-DC5FDD9FE148}.Debug|Any CPU.Build.0 = Debug|Any CPU
		{67F1AFA7-09E2-42D0-9367-DC5FDD9FE148}.Release|Any CPU.ActiveCfg = Release|Any CPU
		{67F1AFA7-09E2-42D0-9367-DC5FDD9FE148}.Release|Any CPU.Build.0 = Release|Any CPU
	EndGlobalSection
	GlobalSection(SolutionProperties) = preSolution
		HideSolutionNode = FALSE
	EndGlobalSection
	GlobalSection(ExtensibilityGlobals) = postSolution
		SolutionGuid = {D989F10D-C018-48BF-8683-BD4817FFD340}
	EndGlobalSection
EndGlobal
