
Microsoft Visual Studio Solution File, Format Version 12.00
# Visual Studio Version 16
VisualStudioVersion = 16.0.32630.194
MinimumVisualStudioVersion = 10.0.40219.1
Project("{FAE04EC0-301F-11D3-BF4B-00C04F79EFBC}") = "Task9", "Task9.csproj", "{58F3E211-12AE-428B-9411-C0B18A7B2FA7}"
EndProject
Global
	GlobalSection(SolutionConfigurationPlatforms) = preSolution
		Debug|Any CPU = Debug|Any CPU
		Release|Any CPU = Release|Any CPU
	EndGlobalSection
	GlobalSection(ProjectConfigurationPlatforms) = postSolution
		{58F3E211-12AE-428B-9411-C0B18A7B2FA7}.Debug|Any CPU.ActiveCfg = Debug|Any CPU
		{58F3E211-12AE-428B-9411-C0B18A7B2FA7}.Debug|Any CPU.Build.0 = Debug|Any CPU
		{58F3E211-12AE-428B-9411-C0B18A7B2FA7}.Release|Any CPU.ActiveCfg = Release|Any CPU
		{58F3E211-12AE-428B-9411-C0B18A7B2FA7}.Release|Any CPU.Build.0 = Release|Any CPU
	EndGlobalSection
	GlobalSection(SolutionProperties) = preSolution
		HideSolutionNode = FALSE
	EndGlobalSection
	GlobalSection(ExtensibilityGlobals) = postSolution
		SolutionGuid = {ADA47B34-E0AE-47A4-B9A2-564B927CE32D}
	EndGlobalSection
EndGlobal
