
Microsoft Visual Studio Solution File, Format Version 12.00
# Visual Studio Version 16
VisualStudioVersion = 16.0.32901.82
MinimumVisualStudioVersion = 10.0.40219.1
Project("{FAE04EC0-301F-11D3-BF4B-00C04F79EFBC}") = "Task10", "Task10.csproj", "{47F9F5BA-5247-4151-9415-03626D3362DF}"
EndProject
Global
	GlobalSection(SolutionConfigurationPlatforms) = preSolution
		Debug|Any CPU = Debug|Any CPU
		Release|Any CPU = Release|Any CPU
	EndGlobalSection
	GlobalSection(ProjectConfigurationPlatforms) = postSolution
		{47F9F5BA-5247-4151-9415-03626D3362DF}.Debug|Any CPU.ActiveCfg = Debug|Any CPU
		{47F9F5BA-5247-4151-9415-03626D3362DF}.Debug|Any CPU.Build.0 = Debug|Any CPU
		{47F9F5BA-5247-4151-9415-03626D3362DF}.Release|Any CPU.ActiveCfg = Release|Any CPU
		{47F9F5BA-5247-4151-9415-03626D3362DF}.Release|Any CPU.Build.0 = Release|Any CPU
	EndGlobalSection
	GlobalSection(SolutionProperties) = preSolution
		HideSolutionNode = FALSE
	EndGlobalSection
	GlobalSection(ExtensibilityGlobals) = postSolution
		SolutionGuid = {732D3698-BFB5-4E62-9CA5-1B8392D17B5A}
	EndGlobalSection
EndGlobal
